{
  "name": "monorepo",
  "version": "1.0.0",
  "lockfileVersion": 1,
  "requires": true,
  "dependencies": {
    "eslint-plugin-react-hooks": {
      "version": "1.5.1",
      "resolved": "https://registry.npmjs.org/eslint-plugin-react-hooks/-/eslint-plugin-react-hooks-1.5.1.tgz",
      "integrity": "sha512-i3dIrmZ+Ssrm0LrbbtuGcRf7EEpe1FaMuL8XnnpZO0X4tk3dZNzevWxD0/7nMAFa5yZQfNnYkfEP0MmwLvbdHw=="
    }
  }
}
